github.com/farazhassan/gantry v0.3.3 h1:dCkt1FLq5mejY4B9vtUEtO6HBsWipAhCRupUqAwzX5w=
github.com/farazhassan/gantry v0.3.3/go.mod h1:rsGY0uCjM3mdyuUmzConfoZvueOub3836IcilDpJb9c=
github.com/farazhassan/gantry v0.3.4 h1:GfBpVqt0DhtKlKvUWrYSjuB40RAIqri9+ukx/Utwbf4=
github.com/farazhassan/gantry v0.3.4/go.mod h1:rsGY0uCjM3mdyuUmzConfoZvueOub3836IcilDpJb9c=
